
Microsoft Visual Studio Solution File, Format Version 12.00
# Visual Studio Version 17
VisualStudioVersion = 17.10.34928.147
MinimumVisualStudioVersion = 10.0.40219.1
Project("{9A19103F-16F7-4668-BE54-9A1E7A4F7556}") = "CompanyEmployees", "CompanyEmployees\CompanyEmployees.csproj", "{EBE9EE9B-A076-4FBA-A32F-DA1867F81456}"
EndProject
Project("{9A19103F-16F7-4668-BE54-9A1E7A4F7556}") = "Contracts", "Contracts\Contracts.csproj", "{80BAD5C3-BF3B-4BC4-A83C-178670DC7A74}"
EndProject
Project("{9A19103F-16F7-4668-BE54-9A1E7A4F7556}") = "LoggerService", "LoggerService\LoggerService.csproj", "{6D780374-B1FF-4D76-B785-5312623963D9}"
EndProject
Project("{FAE04EC0-301F-11D3-BF4B-00C04F79EFBC}") = "Entities", "Entities\Entities.csproj", "{B61973E7-5559-4F8E-8CEE-B7BC618DBDE3}"
EndProject
Project("{FAE04EC0-301F-11D3-BF4B-00C04F79EFBC}") = "Repository", "Repository\Repository.csproj", "{74C209C4-9AC1-49CE-B9BE-4BE2D62E2A85}"
EndProject
Project("{FAE04EC0-301F-11D3-BF4B-00C04F79EFBC}") = "Service.Contracts", "Service.Contracts\Service.Contracts.csproj", "{8CC02E15-5500-4CE2-A2E4-D3363FF977EB}"
EndProject
Project("{FAE04EC0-301F-11D3-BF4B-00C04F79EFBC}") = "Service", "Service\Service.csproj", "{5E470223-BAF8-4B53-B14F-4C4A84C3B7EB}"
EndProject
Project("{FAE04EC0-301F-11D3-BF4B-00C04F79EFBC}") = "Presentation", "Presentation\Presentation.csproj", "{325D08EC-4243-4207-A4E0-A6CB6A7A4D8C}"
EndProject
Global
	GlobalSection(SolutionConfigurationPlatforms) = preSolution
		Debug|Any CPU = Debug|Any CPU
		Release|Any CPU = Release|Any CPU
	EndGlobalSection
	GlobalSection(ProjectConfigurationPlatforms) = postSolution
		{EBE9EE9B-A076-4FBA-A32F-DA1867F81456}.Debug|Any CPU.ActiveCfg = Debug|Any CPU
		{EBE9EE9B-A076-4FBA-A32F-DA1867F81456}.Debug|Any CPU.Build.0 = Debug|Any CPU
		{EBE9EE9B-A076-4FBA-A32F-DA1867F81456}.Release|Any CPU.ActiveCfg = Release|Any CPU
		{EBE9EE9B-A076-4FBA-A32F-DA1867F81456}.Release|Any CPU.Build.0 = Release|Any CPU
		{80BAD5C3-BF3B-4BC4-A83C-178670DC7A74}.Debug|Any CPU.ActiveCfg = Debug|Any CPU
		{80BAD5C3-BF3B-4BC4-A83C-178670DC7A74}.Debug|Any CPU.Build.0 = Debug|Any CPU
		{80BAD5C3-BF3B-4BC4-A83C-178670DC7A74}.Release|Any CPU.ActiveCfg = Release|Any CPU
		{80BAD5C3-BF3B-4BC4-A83C-178670DC7A74}.Release|Any CPU.Build.0 = Release|Any CPU
		{6D780374-B1FF-4D76-B785-5312623963D9}.Debug|Any CPU.ActiveCfg = Debug|Any CPU
		{6D780374-B1FF-4D76-B785-5312623963D9}.Debug|Any CPU.Build.0 = Debug|Any CPU
		{6D780374-B1FF-4D76-B785-5312623963D9}.Release|Any CPU.ActiveCfg = Release|Any CPU
		{6D780374-B1FF-4D76-B785-5312623963D9}.Release|Any CPU.Build.0 = Release|Any CPU
		{B61973E7-5559-4F8E-8CEE-B7BC618DBDE3}.Debug|Any CPU.ActiveCfg = Debug|Any CPU
		{B61973E7-5559-4F8E-8CEE-B7BC618DBDE3}.Debug|Any CPU.Build.0 = Debug|Any CPU
		{B61973E7-5559-4F8E-8CEE-B7BC618DBDE3}.Release|Any CPU.ActiveCfg = Release|Any CPU
		{B61973E7-5559-4F8E-8CEE-B7BC618DBDE3}.Release|Any CPU.Build.0 = Release|Any CPU
		{74C209C4-9AC1-49CE-B9BE-4BE2D62E2A85}.Debug|Any CPU.ActiveCfg = Debug|Any CPU
		{74C209C4-9AC1-49CE-B9BE-4BE2D62E2A85}.Debug|Any CPU.Build.0 = Debug|Any CPU
		{74C209C4-9AC1-49CE-B9BE-4BE2D62E2A85}.Release|Any CPU.ActiveCfg = Release|Any CPU
		{74C209C4-9AC1-49CE-B9BE-4BE2D62E2A85}.Release|Any CPU.Build.0 = Release|Any CPU
		{8CC02E15-5500-4CE2-A2E4-D3363FF977EB}.Debug|Any CPU.ActiveCfg = Debug|Any CPU
		{8CC02E15-5500-4CE2-A2E4-D3363FF977EB}.Debug|Any CPU.Build.0 = Debug|Any CPU
		{8CC02E15-5500-4CE2-A2E4-D3363FF977EB}.Release|Any CPU.ActiveCfg = Release|Any CPU
		{8CC02E15-5500-4CE2-A2E4-D3363FF977EB}.Release|Any CPU.Build.0 = Release|Any CPU
		{5E470223-BAF8-4B53-B14F-4C4A84C3B7EB}.Debug|Any CPU.ActiveCfg = Debug|Any CPU
		{5E470223-BAF8-4B53-B14F-4C4A84C3B7EB}.Debug|Any CPU.Build.0 = Debug|Any CPU
		{5E470223-BAF8-4B53-B14F-4C4A84C3B7EB}.Release|Any CPU.ActiveCfg = Release|Any CPU
		{5E470223-BAF8-4B53-B14F-4C4A84C3B7EB}.Release|Any CPU.Build.0 = Release|Any CPU
		{325D08EC-4243-4207-A4E0-A6CB6A7A4D8C}.Debug|Any CPU.ActiveCfg = Debug|Any CPU
		{325D08EC-4243-4207-A4E0-A6CB6A7A4D8C}.Debug|Any CPU.Build.0 = Debug|Any CPU
		{325D08EC-4243-4207-A4E0-A6CB6A7A4D8C}.Release|Any CPU.ActiveCfg = Release|Any CPU
		{325D08EC-4243-4207-A4E0-A6CB6A7A4D8C}.Release|Any CPU.Build.0 = Release|Any CPU
	EndGlobalSection
	GlobalSection(SolutionProperties) = preSolution
		HideSolutionNode = FALSE
	EndGlobalSection
	GlobalSection(ExtensibilityGlobals) = postSolution
		SolutionGuid = {0A6CF840-18B7-486F-9D81-CE156A611333}
	EndGlobalSection
EndGlobal
